{
  "version": 4,
  "terraform_version": "1.8.5",
  "serial": 14,
  "lineage": "151d9e71-8cd5-55b0-0105-37d6017e543d",
  "outputs": {},
  "resources": [
    {
      "mode": "managed",
      "type": "aws_instance",
      "name": "example_instance",
      "provider": "provider[\"registry.terraform.io/hashicorp/aws\"]",
      "instances": [
        {
          "schema_version": 1,
          "attributes": {
            "ami": "ami-09e67e426f25ce0d7",
            "arn": "arn:aws:ec2:us-east-1:339712712301:instance/i-016e26e9840a34903",
            "associate_public_ip_address": true,
            "availability_zone": "us-east-1c",
            "capacity_reservation_specification": [
              {
                "capacity_reservation_preference": "open",
                "capacity_reservation_target": []
              }
            ],
            "cpu_core_count": 1,
            "cpu_options": [
              {
                "amd_sev_snp": "",
                "core_count": 1,
                "threads_per_core": 1
              }
            ],
            "cpu_threads_per_core": 1,
            "credit_specification": [
              {
                "cpu_credits": "standard"
              }
            ],
            "disable_api_stop": false,
            "disable_api_termination": false,
            "ebs_block_device": [],
            "ebs_optimized": false,
            "enclave_options": [
              {
                "enabled": false
              }
            ],
            "ephemeral_block_device": [],
            "get_password_data": false,
            "hibernation": false,
            "host_id": "",
            "host_resource_group_arn": null,
            "iam_instance_profile": "",
            "id": "i-016e26e9840a34903",
            "instance_initiated_shutdown_behavior": "stop",
            "instance_lifecycle": "",
            "instance_market_options": [],
            "instance_state": "running",
            "instance_type": "t2.micro",
            "ipv6_address_count": 0,
            "ipv6_addresses": [],
            "key_name": "venus",
            "launch_template": [],
            "maintenance_options": [
              {
                "auto_recovery": "default"
              }
            ],
            "metadata_options": [
              {
                "http_endpoint": "enabled",
                "http_protocol_ipv6": "disabled",
                "http_put_response_hop_limit": 1,
                "http_tokens": "optional",
                "instance_metadata_tags": "disabled"
              }
            ],
            "monitoring": false,
            "network_interface": [],
            "outpost_arn": "",
            "password_data": "",
            "placement_group": "",
            "placement_partition_number": 0,
            "primary_network_interface_id": "eni-039c51e29228f7f83",
            "private_dns": "ip-172-31-22-129.ec2.internal",
            "private_dns_name_options": [
              {
                "enable_resource_name_dns_a_record": false,
                "enable_resource_name_dns_aaaa_record": false,
                "hostname_type": "ip-name"
              }
            ],
            "private_ip": "172.31.22.129",
            "public_dns": "ec2-34-226-195-234.compute-1.amazonaws.com",
            "public_ip": "34.226.195.234",
            "root_block_device": [
              {
                "delete_on_termination": true,
                "device_name": "/dev/sda1",
                "encrypted": false,
                "iops": 100,
                "kms_key_id": "",
                "tags": {},
                "tags_all": {},
                "throughput": 0,
                "volume_id": "vol-0b8c329a3240102c6",
                "volume_size": 8,
                "volume_type": "gp2"
              }
            ],
            "secondary_private_ips": [],
            "security_groups": [
              "venus-security-group"
            ],
            "source_dest_check": true,
            "spot_instance_request_id": "",
            "subnet_id": "subnet-0f1cea5d262aad65b",
            "tags": {
              "Name": "venus-instance"
            },
            "tags_all": {
              "Name": "venus-instance"
            },
            "tenancy": "default",
            "timeouts": null,
            "user_data": null,
            "user_data_base64": null,
            "user_data_replace_on_change": false,
            "volume_tags": null,
            "vpc_security_group_ids": [
              "sg-00ab309f6818328a4"
            ]
          },
          "sensitive_attributes": [],
          "private": "eyJlMmJmYjczMC1lY2FhLTExZTYtOGY4OC0zNDM2M2JjN2M0YzAiOnsiY3JlYXRlIjo2MDAwMDAwMDAwMDAsImRlbGV0ZSI6MTIwMDAwMDAwMDAwMCwicmVhZCI6OTAwMDAwMDAwMDAwLCJ1cGRhdGUiOjYwMDAwMDAwMDAwMH0sInNjaGVtYV92ZXJzaW9uIjoiMSJ9",
          "dependencies": [
            "aws_key_pair.example_keypair",
            "aws_security_group.example_security_group",
            "tls_private_key.example_keypair"
          ]
        }
      ]
    },
    {
      "mode": "managed",
      "type": "aws_key_pair",
      "name": "example_keypair",
      "provider": "provider[\"registry.terraform.io/hashicorp/aws\"]",
      "instances": [
        {
          "schema_version": 1,
          "attributes": {
            "arn": "arn:aws:ec2:us-east-1:339712712301:key-pair/venus",
            "fingerprint": "59:51:aa:80:5c:df:6d:9c:8e:42:2e:38:cc:c5:a8:87",
            "id": "venus",
            "key_name": "venus",
            "key_name_prefix": "",
            "key_pair_id": "key-017574d7a2f611935",
            "key_type": "rsa",
            "public_key": "ssh-rsa AAAAB3NzaC1yc2EAAAADAQABAAABAQC1R25LoXQvvxWv3r9HGXAldX6uvMnvYgBm94+9LYMnZlLiBtyaIh5N+qEDhnEiHRfRuYPuNzfztonM1LIBpYbL7uYjKjbFQNeJ/ePXRupTMHnBBJPiSRcViDWgfKZcjofl7ltjayrZB+x/hJP+6cLp/szEBUCiTXCW71S0ncwwM3vQ9NNBVRRc8tvajeiTMMcy5WQ0wuib9t3i24oVqRU2dc7206iAq/25LoJPh1JztEpo8dvR6AddUCFi3j8upcjsrB0ua2lawzyGu6Btet78p8ESZrm6+bQAmalB7JNsBolzL/5JT9/5Kw5OgwjN9BfLD6TN9iYlaytHtWTIn+Vl",
            "tags": null,
            "tags_all": {}
          },
          "sensitive_attributes": [],
          "private": "eyJzY2hlbWFfdmVyc2lvbiI6IjEifQ==",
          "dependencies": [
            "tls_private_key.example_keypair"
          ]
        }
      ]
    },
    {
      "mode": "managed",
      "type": "aws_security_group",
      "name": "example_security_group",
      "provider": "provider[\"registry.terraform.io/hashicorp/aws\"]",
      "instances": [
        {
          "schema_version": 1,
          "attributes": {
            "arn": "arn:aws:ec2:us-east-1:339712712301:security-group/sg-00ab309f6818328a4",
            "description": "Example Security Group",
            "egress": [
              {
                "cidr_blocks": [
                  "0.0.0.0/0"
                ],
                "description": "",
                "from_port": 0,
                "ipv6_cidr_blocks": [],
                "prefix_list_ids": [],
                "protocol": "-1",
                "security_groups": [],
                "self": false,
                "to_port": 0
              }
            ],
            "id": "sg-00ab309f6818328a4",
            "ingress": [
              {
                "cidr_blocks": [
                  "0.0.0.0/0"
                ],
                "description": "",
                "from_port": 22,
                "ipv6_cidr_blocks": [],
                "prefix_list_ids": [],
                "protocol": "tcp",
                "security_groups": [],
                "self": false,
                "to_port": 22
              }
            ],
            "name": "venus-security-group",
            "name_prefix": "",
            "owner_id": "339712712301",
            "revoke_rules_on_delete": false,
            "tags": null,
            "tags_all": {},
            "timeouts": null,
            "vpc_id": "vpc-012c8da6753086bf8"
          },
          "sensitive_attributes": [],
          "private": "eyJlMmJmYjczMC1lY2FhLTExZTYtOGY4OC0zNDM2M2JjN2M0YzAiOnsiY3JlYXRlIjo2MDAwMDAwMDAwMDAsImRlbGV0ZSI6OTAwMDAwMDAwMDAwfSwic2NoZW1hX3ZlcnNpb24iOiIxIn0="
        }
      ]
    },
    {
      "mode": "managed",
      "type": "local_file",
      "name": "private_key_file",
      "provider": "provider[\"registry.terraform.io/hashicorp/local\"]",
      "instances": [
        {
          "schema_version": 0,
          "attributes": {
            "content": "-----BEGIN RSA PRIVATE KEY-----\nMIIEpAIBAAKCAQEAtUduS6F0L78Vr96/RxlwJXV+rrzJ72IAZvePvS2DJ2ZS4gbc\nmiIeTfqhA4ZxIh0X0bmD7jc387aJzNSyAaWGy+7mIyo2xUDXif3j10bqUzB5wQST\n4kkXFYg1oHymXI6H5e5bY2sq2Qfsf4ST/unC6f7MxAVAok1wlu9UtJ3MMDN70PTT\nQVUUXPLb2o3okzDHMuVkNMLom/bd4tuKFakVNnXO9tOogKv9uS6CT4dSc7RKaPHb\n0egHXVAhYt4/LqXI7KwdLmtpWsM8hrugbXre/KfBEma5uvm0AJmpQeyTbAaJcy/+\nSU/f+SsOToMIzfQXyw+kzfYmJWsrR7VkyJ/lZQIDAQABAoIBAA/jYtdeH0DQDqaL\nb1hb8mhWE/Rct5YzkLV1nTOHeadKYJlO4KbhtqY/AT292sySoDPRfq6ySEUkCo/Z\nVICwcVAOcD1Exegj9sAxcHa90GvaI9G3BP8gSNWqSoj2Y95Y37BXY8si6W58M045\n4H7HHj5EBs5nZ3LSNrwD3fi2m97dfoDmCsk10s+jFeROVAlmqydgcFflYrKk0AZZ\nyaF3hYgXahINDgywt8rcKMaWm4vioVs1MSiVuWTeRIr2133EIY7cxiPc27typWLt\nyS2SjjNfYql9xPaRetJMN4AQBTn0Ut6UgRlqv/jwuiS71G/rE5v3+Fw6eF6ngzfG\ncQ0Sx0ECgYEAzog8VoB1WBF/AURaEgGAc9RmwwV4TNSdkw4msRqakL0ifWdeShvX\nXdg3/LfVSrhJVKfWug0psIhfMsxk1dDedbujRpxA9LXpH/kcGdfQicnjbTPhe1jr\nDqMNlyXFp7JljQilOLIpTmYrwsjmyugzryXytV0HyD/vE9X0zw9kzmMCgYEA4LLE\nzV26HnVDHgBD3hGRda9FPPr6+7Ax9AyadskWwz5GYvdAmG7eaHRlmiZXX1TQV4tV\nDeaqSM+bp5SKapZO17F3JPuR3zzQF1An5liHlGY3lF1ufl40YL2AOX7vxumxh1b1\nv/p0lx1OT46dQl2SnRmLRYnDYFeVrfBAjEv1A5cCgYEAypYuAXe+IuX+m6KNa04X\nzwaQykmqSEriSiY+Y8jBxqoPk8z6W11V8xKtUHKOgN2l6Kk94oAY3bXXE8AURPu9\nyuSEczXALYnmo9s56kucnhvvvuV+Dv0YjOH56cI+UJGYNTA+yQ9RnzpvQIDKikwc\nrnhdy/L2OEImZGGh4h2qdxsCgYEAo7GYrgQaExZaTwDicGVcEuAdEM/HCJTTz3df\nECpu6s3zeSWnaWVbob0qR6KnBExFe4GF9RqV83VLcEpGjF/0EC65HbgoDPnAnztF\n1gmou/O7idqHJIh8n/1t7HUNOVwGeRJg9fr/9RbkdhDvf+mrZce2LnKuYwFricv9\nOjgbxwECgYBS/h5RV+obz42WLi3cdOmg4nEeZXtcf6Nrj49pRMCSUKg/ljjC3mDF\nLI8HHUK2xZXs3HyYA1EvPH0E4urwzjUi1E7jwyEJJ9lx1WvSqQ3B5efKqhIjzGqO\nwxFDp9eVSgFSW0Bd1KgWiP9BEz0EPK60DGQsSmmLozm7Wb3oPxoenA==\n-----END RSA PRIVATE KEY-----\n",
            "content_base64": null,
            "content_base64sha256": "j+obXkOGl14bL2EMhhKE+KlP1ZvAsDCF9Mk1MCNj3YU=",
            "content_base64sha512": "Nw76Ukk4WZoOlV7EcLfXEeBno5D4VR/6smfcZpsWgDGjZWOAgdqxdgZJSEZBshfdwbcoghm3IxQJv/lLT16qgw==",
            "content_md5": "95ba85c8225dd268081ded17c4fea61b",
            "content_sha1": "a85b5778570e638800f6f9a0612da002aec9341d",
            "content_sha256": "8fea1b5e4386975e1b2f610c861284f8a94fd59bc0b03085f4c935302363dd85",
            "content_sha512": "370efa524938599a0e955ec470b7d711e067a390f8551ffab267dc669b168031a365638081dab1760649484641b217ddc1b7288219b7231409bff94b4f5eaa83",
            "directory_permission": "0777",
            "file_permission": "0777",
            "filename": "venus.pem",
            "id": "a85b5778570e638800f6f9a0612da002aec9341d",
            "sensitive_content": null,
            "source": null
          },
          "sensitive_attributes": [
            [
              {
                "type": "get_attr",
                "value": "sensitive_content"
              }
            ],
            [
              {
                "type": "get_attr",
                "value": "content"
              }
            ]
          ],
          "dependencies": [
            "tls_private_key.example_keypair"
          ]
        }
      ]
    },
    {
      "mode": "managed",
      "type": "tls_private_key",
      "name": "example_keypair",
      "provider": "provider[\"registry.terraform.io/hashicorp/tls\"]",
      "instances": [
        {
          "schema_version": 1,
          "attributes": {
            "algorithm": "RSA",
            "ecdsa_curve": "P224",
            "id": "8451651122d29cea2217f81eae087d4ef62326a9",
            "private_key_openssh": "-----BEGIN OPENSSH PRIVATE KEY-----\nb3BlbnNzaC1rZXktdjEAAAAABG5vbmUAAAAEbm9uZQAAAAAAAAABAAABFwAAAAdz\nc2gtcnNhAAAAAwEAAQAAAQEAtUduS6F0L78Vr96/RxlwJXV+rrzJ72IAZvePvS2D\nJ2ZS4gbcmiIeTfqhA4ZxIh0X0bmD7jc387aJzNSyAaWGy+7mIyo2xUDXif3j10bq\nUzB5wQST4kkXFYg1oHymXI6H5e5bY2sq2Qfsf4ST/unC6f7MxAVAok1wlu9UtJ3M\nMDN70PTTQVUUXPLb2o3okzDHMuVkNMLom/bd4tuKFakVNnXO9tOogKv9uS6CT4dS\nc7RKaPHb0egHXVAhYt4/LqXI7KwdLmtpWsM8hrugbXre/KfBEma5uvm0AJmpQeyT\nbAaJcy/+SU/f+SsOToMIzfQXyw+kzfYmJWsrR7VkyJ/lZQAAA7ivhucIr4bnCAAA\nAAdzc2gtcnNhAAABAQC1R25LoXQvvxWv3r9HGXAldX6uvMnvYgBm94+9LYMnZlLi\nBtyaIh5N+qEDhnEiHRfRuYPuNzfztonM1LIBpYbL7uYjKjbFQNeJ/ePXRupTMHnB\nBJPiSRcViDWgfKZcjofl7ltjayrZB+x/hJP+6cLp/szEBUCiTXCW71S0ncwwM3vQ\n9NNBVRRc8tvajeiTMMcy5WQ0wuib9t3i24oVqRU2dc7206iAq/25LoJPh1JztEpo\n8dvR6AddUCFi3j8upcjsrB0ua2lawzyGu6Btet78p8ESZrm6+bQAmalB7JNsBolz\nL/5JT9/5Kw5OgwjN9BfLD6TN9iYlaytHtWTIn+VlAAAAAwEAAQAAAQAP42LXXh9A\n0A6mi29YW/JoVhP0XLeWM5C1dZ0zh3mnSmCZTuCm4bamPwE9vdrMkqAz0X6uskhF\nJAqP2VSAsHFQDnA9RMXoI/bAMXB2vdBr2iPRtwT/IEjVqkqI9mPeWN+wV2PLIulu\nfDNOOeB+xx4+RAbOZ2dy0ja8A934tpve3X6A5grJNdLPoxXkTlQJZqsnYHBX5WKy\npNAGWcmhd4WIF2oSDQ4MsLfK3CjGlpuL4qFbNTEolblk3kSK9td9xCGO3MYj3Nu7\ncqVi7cktko4zX2KpfcT2kXrSTDeAEAU59FLelIEZar/48Loku9Rv6xOb9/hcOnhe\np4M3xnENEsdBAAAAgFL+HlFX6hvPjZYuLdx06aDicR5le1x/o2uPj2lEwJJQqD+W\nOMLeYMUsjwcdQrbFlezcfJgDUS88fQTi6vDONSLUTuPDIQkn2XHVa9KpDcHl58qq\nEiPMao7DEUOn15VKAVJbQF3UqBaI/0ETPQQ8rrQMZCxKaYujObtZveg/Gh6cAAAA\ngQDOiDxWgHVYEX8BRFoSAYBz1GbDBXhM1J2TDiaxGpqQvSJ9Z15KG9dd2Df8t9VK\nuElUp9a6DSmwiF8yzGTV0N51u6NGnED0tekf+RwZ19CJyeNtM+F7WOsOow2XJcWn\nsmWNCKU4silOZivCyObK6DOvJfK1XQfIP+8T1fTPD2TOYwAAAIEA4LLEzV26HnVD\nHgBD3hGRda9FPPr6+7Ax9AyadskWwz5GYvdAmG7eaHRlmiZXX1TQV4tVDeaqSM+b\np5SKapZO17F3JPuR3zzQF1An5liHlGY3lF1ufl40YL2AOX7vxumxh1b1v/p0lx1O\nT46dQl2SnRmLRYnDYFeVrfBAjEv1A5cAAAAAAQID\n-----END OPENSSH PRIVATE KEY-----\n",
            "private_key_pem": "-----BEGIN RSA PRIVATE KEY-----\nMIIEpAIBAAKCAQEAtUduS6F0L78Vr96/RxlwJXV+rrzJ72IAZvePvS2DJ2ZS4gbc\nmiIeTfqhA4ZxIh0X0bmD7jc387aJzNSyAaWGy+7mIyo2xUDXif3j10bqUzB5wQST\n4kkXFYg1oHymXI6H5e5bY2sq2Qfsf4ST/unC6f7MxAVAok1wlu9UtJ3MMDN70PTT\nQVUUXPLb2o3okzDHMuVkNMLom/bd4tuKFakVNnXO9tOogKv9uS6CT4dSc7RKaPHb\n0egHXVAhYt4/LqXI7KwdLmtpWsM8hrugbXre/KfBEma5uvm0AJmpQeyTbAaJcy/+\nSU/f+SsOToMIzfQXyw+kzfYmJWsrR7VkyJ/lZQIDAQABAoIBAA/jYtdeH0DQDqaL\nb1hb8mhWE/Rct5YzkLV1nTOHeadKYJlO4KbhtqY/AT292sySoDPRfq6ySEUkCo/Z\nVICwcVAOcD1Exegj9sAxcHa90GvaI9G3BP8gSNWqSoj2Y95Y37BXY8si6W58M045\n4H7HHj5EBs5nZ3LSNrwD3fi2m97dfoDmCsk10s+jFeROVAlmqydgcFflYrKk0AZZ\nyaF3hYgXahINDgywt8rcKMaWm4vioVs1MSiVuWTeRIr2133EIY7cxiPc27typWLt\nyS2SjjNfYql9xPaRetJMN4AQBTn0Ut6UgRlqv/jwuiS71G/rE5v3+Fw6eF6ngzfG\ncQ0Sx0ECgYEAzog8VoB1WBF/AURaEgGAc9RmwwV4TNSdkw4msRqakL0ifWdeShvX\nXdg3/LfVSrhJVKfWug0psIhfMsxk1dDedbujRpxA9LXpH/kcGdfQicnjbTPhe1jr\nDqMNlyXFp7JljQilOLIpTmYrwsjmyugzryXytV0HyD/vE9X0zw9kzmMCgYEA4LLE\nzV26HnVDHgBD3hGRda9FPPr6+7Ax9AyadskWwz5GYvdAmG7eaHRlmiZXX1TQV4tV\nDeaqSM+bp5SKapZO17F3JPuR3zzQF1An5liHlGY3lF1ufl40YL2AOX7vxumxh1b1\nv/p0lx1OT46dQl2SnRmLRYnDYFeVrfBAjEv1A5cCgYEAypYuAXe+IuX+m6KNa04X\nzwaQykmqSEriSiY+Y8jBxqoPk8z6W11V8xKtUHKOgN2l6Kk94oAY3bXXE8AURPu9\nyuSEczXALYnmo9s56kucnhvvvuV+Dv0YjOH56cI+UJGYNTA+yQ9RnzpvQIDKikwc\nrnhdy/L2OEImZGGh4h2qdxsCgYEAo7GYrgQaExZaTwDicGVcEuAdEM/HCJTTz3df\nECpu6s3zeSWnaWVbob0qR6KnBExFe4GF9RqV83VLcEpGjF/0EC65HbgoDPnAnztF\n1gmou/O7idqHJIh8n/1t7HUNOVwGeRJg9fr/9RbkdhDvf+mrZce2LnKuYwFricv9\nOjgbxwECgYBS/h5RV+obz42WLi3cdOmg4nEeZXtcf6Nrj49pRMCSUKg/ljjC3mDF\nLI8HHUK2xZXs3HyYA1EvPH0E4urwzjUi1E7jwyEJJ9lx1WvSqQ3B5efKqhIjzGqO\nwxFDp9eVSgFSW0Bd1KgWiP9BEz0EPK60DGQsSmmLozm7Wb3oPxoenA==\n-----END RSA PRIVATE KEY-----\n",
            "private_key_pem_pkcs8": "-----BEGIN PRIVATE KEY-----\nMIIEvgIBADANBgkqhkiG9w0BAQEFAASCBKgwggSkAgEAAoIBAQC1R25LoXQvvxWv\n3r9HGXAldX6uvMnvYgBm94+9LYMnZlLiBtyaIh5N+qEDhnEiHRfRuYPuNzfztonM\n1LIBpYbL7uYjKjbFQNeJ/ePXRupTMHnBBJPiSRcViDWgfKZcjofl7ltjayrZB+x/\nhJP+6cLp/szEBUCiTXCW71S0ncwwM3vQ9NNBVRRc8tvajeiTMMcy5WQ0wuib9t3i\n24oVqRU2dc7206iAq/25LoJPh1JztEpo8dvR6AddUCFi3j8upcjsrB0ua2lawzyG\nu6Btet78p8ESZrm6+bQAmalB7JNsBolzL/5JT9/5Kw5OgwjN9BfLD6TN9iYlaytH\ntWTIn+VlAgMBAAECggEAD+Ni114fQNAOpotvWFvyaFYT9Fy3ljOQtXWdM4d5p0pg\nmU7gpuG2pj8BPb3azJKgM9F+rrJIRSQKj9lUgLBxUA5wPUTF6CP2wDFwdr3Qa9oj\n0bcE/yBI1apKiPZj3ljfsFdjyyLpbnwzTjngfscePkQGzmdnctI2vAPd+Lab3t1+\ngOYKyTXSz6MV5E5UCWarJ2BwV+VisqTQBlnJoXeFiBdqEg0ODLC3ytwoxpabi+Kh\nWzUxKJW5ZN5EivbXfcQhjtzGI9zbu3KlYu3JLZKOM19iqX3E9pF60kw3gBAFOfRS\n3pSBGWq/+PC6JLvUb+sTm/f4XDp4XqeDN8ZxDRLHQQKBgQDOiDxWgHVYEX8BRFoS\nAYBz1GbDBXhM1J2TDiaxGpqQvSJ9Z15KG9dd2Df8t9VKuElUp9a6DSmwiF8yzGTV\n0N51u6NGnED0tekf+RwZ19CJyeNtM+F7WOsOow2XJcWnsmWNCKU4silOZivCyObK\n6DOvJfK1XQfIP+8T1fTPD2TOYwKBgQDgssTNXboedUMeAEPeEZF1r0U8+vr7sDH0\nDJp2yRbDPkZi90CYbt5odGWaJldfVNBXi1UN5qpIz5unlIpqlk7XsXck+5HfPNAX\nUCfmWIeUZjeUXW5+XjRgvYA5fu/G6bGHVvW/+nSXHU5Pjp1CXZKdGYtFicNgV5Wt\n8ECMS/UDlwKBgQDKli4Bd74i5f6boo1rThfPBpDKSapISuJKJj5jyMHGqg+TzPpb\nXVXzEq1Qco6A3aXoqT3igBjdtdcTwBRE+73K5IRzNcAtieaj2znqS5yeG+++5X4O\n/RiM4fnpwj5QkZg1MD7JD1GfOm9AgMqKTByueF3L8vY4QiZkYaHiHap3GwKBgQCj\nsZiuBBoTFlpPAOJwZVwS4B0Qz8cIlNPPd18QKm7qzfN5JadpZVuhvSpHoqcETEV7\ngYX1GpXzdUtwSkaMX/QQLrkduCgM+cCfO0XWCai787uJ2ockiHyf/W3sdQ05XAZ5\nEmD1+v/1FuR2EO9/6atlx7Yucq5jAWuJy/06OBvHAQKBgFL+HlFX6hvPjZYuLdx0\n6aDicR5le1x/o2uPj2lEwJJQqD+WOMLeYMUsjwcdQrbFlezcfJgDUS88fQTi6vDO\nNSLUTuPDIQkn2XHVa9KpDcHl58qqEiPMao7DEUOn15VKAVJbQF3UqBaI/0ETPQQ8\nrrQMZCxKaYujObtZveg/Gh6c\n-----END PRIVATE KEY-----\n",
            "public_key_fingerprint_md5": "59:f5:73:97:f8:00:e3:c1:f3:90:19:db:cf:81:4c:98",
            "public_key_fingerprint_sha256": "SHA256:Hs2otlfu1aokJEp0iq4Wu9aPUrNlUDemi2tn9z/Iv00",
            "public_key_openssh": "ssh-rsa AAAAB3NzaC1yc2EAAAADAQABAAABAQC1R25LoXQvvxWv3r9HGXAldX6uvMnvYgBm94+9LYMnZlLiBtyaIh5N+qEDhnEiHRfRuYPuNzfztonM1LIBpYbL7uYjKjbFQNeJ/ePXRupTMHnBBJPiSRcViDWgfKZcjofl7ltjayrZB+x/hJP+6cLp/szEBUCiTXCW71S0ncwwM3vQ9NNBVRRc8tvajeiTMMcy5WQ0wuib9t3i24oVqRU2dc7206iAq/25LoJPh1JztEpo8dvR6AddUCFi3j8upcjsrB0ua2lawzyGu6Btet78p8ESZrm6+bQAmalB7JNsBolzL/5JT9/5Kw5OgwjN9BfLD6TN9iYlaytHtWTIn+Vl\n",
            "public_key_pem": "-----BEGIN PUBLIC KEY-----\nMIIBIjANBgkqhkiG9w0BAQEFAAOCAQ8AMIIBCgKCAQEAtUduS6F0L78Vr96/Rxlw\nJXV+rrzJ72IAZvePvS2DJ2ZS4gbcmiIeTfqhA4ZxIh0X0bmD7jc387aJzNSyAaWG\ny+7mIyo2xUDXif3j10bqUzB5wQST4kkXFYg1oHymXI6H5e5bY2sq2Qfsf4ST/unC\n6f7MxAVAok1wlu9UtJ3MMDN70PTTQVUUXPLb2o3okzDHMuVkNMLom/bd4tuKFakV\nNnXO9tOogKv9uS6CT4dSc7RKaPHb0egHXVAhYt4/LqXI7KwdLmtpWsM8hrugbXre\n/KfBEma5uvm0AJmpQeyTbAaJcy/+SU/f+SsOToMIzfQXyw+kzfYmJWsrR7VkyJ/l\nZQIDAQAB\n-----END PUBLIC KEY-----\n",
            "rsa_bits": 2048
          },
          "sensitive_attributes": [
            [
              {
                "type": "get_attr",
                "value": "private_key_pem_pkcs8"
              }
            ],
            [
              {
                "type": "get_attr",
                "value": "private_key_pem"
              }
            ],
            [
              {
                "type": "get_attr",
                "value": "private_key_openssh"
              }
            ]
          ]
        }
      ]
    }
  ],
  "check_results": null
}
